
Microsoft Visual Studio Solution File, Format Version 12.00
# Visual Studio 14
VisualStudioVersion = 14.0.25420.1
MinimumVisualStudioVersion = 10.0.40219.1
Project("{FAE04EC0-301F-11D3-BF4B-00C04F79EFBC}") = "Tww.MinPrice.Models", "..\Tww.MinPrice.Models\Tww.MinPrice.Models.csproj", "{3DDAAA47-E626-4872-A5E1-56CD99D2AE61}"
EndProject
Project("{2150E333-8FDC-42A3-9474-1A3956D46DE8}") = "Tww.LightHelper", "Tww.LightHelper", "{92C5140C-DE6F-40EA-A9A7-2E5DFDD4A7DC}"
EndProject
Project("{FAE04EC0-301F-11D3-BF4B-00C04F79EFBC}") = "SQLiteHelper", "SQLiteHelper\SQLiteHelper.csproj", "{052372BA-06E3-43D8-AA31-A23F496FE0FB}"
EndProject
Project("{FAE04EC0-301F-11D3-BF4B-00C04F79EFBC}") = "PetapocoHelper", "PetapocoHelper\PetapocoHelper.csproj", "{9DA9991B-2F95-4198-9FAF-CC7D3675E7FF}"
EndProject
Project("{FAE04EC0-301F-11D3-BF4B-00C04F79EFBC}") = "JSONHelper", "JSONHelper\JSONHelper.csproj", "{B1BA89E4-F8B7-4DB2-AF9F-4C7EBCD5AEEC}"
EndProject
Project("{2150E333-8FDC-42A3-9474-1A3956D46DE8}") = "TestDemo", "TestDemo", "{28E2F403-B22C-460A-AA93-133281034CD5}"
EndProject
Project("{FAE04EC0-301F-11D3-BF4B-00C04F79EFBC}") = "PetaPocoTest", "PetaPocoTest\PetaPocoTest.csproj", "{30B6A9BE-9185-4FB3-A84F-9DD28B051A23}"
EndProject
Project("{FAE04EC0-301F-11D3-BF4B-00C04F79EFBC}") = "WebApplication1", "WebApplication1\WebApplication1.csproj", "{716633D6-49B0-421C-8A5D-2539B041044D}"
EndProject
Project("{FAE04EC0-301F-11D3-BF4B-00C04F79EFBC}") = "NPoco", "NPoCo\NPoco.csproj", "{0651FCE7-78B0-46A6-B89B-8EDC41DD14CB}"
EndProject
Project("{FAE04EC0-301F-11D3-BF4B-00C04F79EFBC}") = "NPocoTest", "NPocoTest\NPocoTest.csproj", "{4E742D84-697A-41E0-866E-154D933B5737}"
EndProject
Project("{FAE04EC0-301F-11D3-BF4B-00C04F79EFBC}") = "lucene.net", "lucene.net\lucene.net.csproj", "{1BB7E797-BA6E-4B95-93C3-3F7D17EF81B9}"
EndProject
Project("{FAE04EC0-301F-11D3-BF4B-00C04F79EFBC}") = "Tww.MinPrice.Services", "Tww.MinPrice.Services\Tww.MinPrice.Services.csproj", "{C61C5216-0C91-4558-BD5D-499253337E9B}"
EndProject
Project("{FAE04EC0-301F-11D3-BF4B-00C04F79EFBC}") = "CommonHelper", "CommonHelper\CommonHelper.csproj", "{54AAC6EA-DE02-4E8F-B4AF-9B57B6964688}"
EndProject
Project("{FAE04EC0-301F-11D3-BF4B-00C04F79EFBC}") = "protobuf-net", "JSONCompare\protobuf-net.csproj", "{50F888D7-0FF0-486F-B6BA-E93E5B0A0730}"
EndProject
Project("{FAE04EC0-301F-11D3-BF4B-00C04F79EFBC}") = "JSONCompare", "Protobuf-new\JSONCompare.csproj", "{D79177AF-7C3E-498C-B117-424A562B9DB3}"
EndProject
Global
	GlobalSection(SolutionConfigurationPlatforms) = preSolution
		Debug|Any CPU = Debug|Any CPU
		Release|Any CPU = Release|Any CPU
	EndGlobalSection
	GlobalSection(ProjectConfigurationPlatforms) = postSolution
		{3DDAAA47-E626-4872-A5E1-56CD99D2AE61}.Debug|Any CPU.ActiveCfg = Debug|Any CPU
		{3DDAAA47-E626-4872-A5E1-56CD99D2AE61}.Debug|Any CPU.Build.0 = Debug|Any CPU
		{3DDAAA47-E626-4872-A5E1-56CD99D2AE61}.Release|Any CPU.ActiveCfg = Release|Any CPU
		{3DDAAA47-E626-4872-A5E1-56CD99D2AE61}.Release|Any CPU.Build.0 = Release|Any CPU
		{052372BA-06E3-43D8-AA31-A23F496FE0FB}.Debug|Any CPU.ActiveCfg = Debug|Any CPU
		{052372BA-06E3-43D8-AA31-A23F496FE0FB}.Debug|Any CPU.Build.0 = Debug|Any CPU
		{052372BA-06E3-43D8-AA31-A23F496FE0FB}.Release|Any CPU.ActiveCfg = Release|Any CPU
		{052372BA-06E3-43D8-AA31-A23F496FE0FB}.Release|Any CPU.Build.0 = Release|Any CPU
		{9DA9991B-2F95-4198-9FAF-CC7D3675E7FF}.Debug|Any CPU.ActiveCfg = Debug|Any CPU
		{9DA9991B-2F95-4198-9FAF-CC7D3675E7FF}.Debug|Any CPU.Build.0 = Debug|Any CPU
		{9DA9991B-2F95-4198-9FAF-CC7D3675E7FF}.Release|Any CPU.ActiveCfg = Release|Any CPU
		{9DA9991B-2F95-4198-9FAF-CC7D3675E7FF}.Release|Any CPU.Build.0 = Release|Any CPU
		{B1BA89E4-F8B7-4DB2-AF9F-4C7EBCD5AEEC}.Debug|Any CPU.ActiveCfg = Debug|Any CPU
		{B1BA89E4-F8B7-4DB2-AF9F-4C7EBCD5AEEC}.Debug|Any CPU.Build.0 = Debug|Any CPU
		{B1BA89E4-F8B7-4DB2-AF9F-4C7EBCD5AEEC}.Release|Any CPU.ActiveCfg = Release|Any CPU
		{B1BA89E4-F8B7-4DB2-AF9F-4C7EBCD5AEEC}.Release|Any CPU.Build.0 = Release|Any CPU
		{30B6A9BE-9185-4FB3-A84F-9DD28B051A23}.Debug|Any CPU.ActiveCfg = Debug|Any CPU
		{30B6A9BE-9185-4FB3-A84F-9DD28B051A23}.Debug|Any CPU.Build.0 = Debug|Any CPU
		{30B6A9BE-9185-4FB3-A84F-9DD28B051A23}.Release|Any CPU.ActiveCfg = Release|Any CPU
		{30B6A9BE-9185-4FB3-A84F-9DD28B051A23}.Release|Any CPU.Build.0 = Release|Any CPU
		{716633D6-49B0-421C-8A5D-2539B041044D}.Debug|Any CPU.ActiveCfg = Debug|Any CPU
		{716633D6-49B0-421C-8A5D-2539B041044D}.Debug|Any CPU.Build.0 = Debug|Any CPU
		{716633D6-49B0-421C-8A5D-2539B041044D}.Release|Any CPU.ActiveCfg = Release|Any CPU
		{716633D6-49B0-421C-8A5D-2539B041044D}.Release|Any CPU.Build.0 = Release|Any CPU
		{0651FCE7-78B0-46A6-B89B-8EDC41DD14CB}.Debug|Any CPU.ActiveCfg = Debug|Any CPU
		{0651FCE7-78B0-46A6-B89B-8EDC41DD14CB}.Debug|Any CPU.Build.0 = Debug|Any CPU
		{0651FCE7-78B0-46A6-B89B-8EDC41DD14CB}.Release|Any CPU.ActiveCfg = Release|Any CPU
		{0651FCE7-78B0-46A6-B89B-8EDC41DD14CB}.Release|Any CPU.Build.0 = Release|Any CPU
		{4E742D84-697A-41E0-866E-154D933B5737}.Debug|Any CPU.ActiveCfg = Debug|Any CPU
		{4E742D84-697A-41E0-866E-154D933B5737}.Debug|Any CPU.Build.0 = Debug|Any CPU
		{4E742D84-697A-41E0-866E-154D933B5737}.Release|Any CPU.ActiveCfg = Release|Any CPU
		{4E742D84-697A-41E0-866E-154D933B5737}.Release|Any CPU.Build.0 = Release|Any CPU
		{1BB7E797-BA6E-4B95-93C3-3F7D17EF81B9}.Debug|Any CPU.ActiveCfg = Debug|Any CPU
		{1BB7E797-BA6E-4B95-93C3-3F7D17EF81B9}.Debug|Any CPU.Build.0 = Debug|Any CPU
		{1BB7E797-BA6E-4B95-93C3-3F7D17EF81B9}.Release|Any CPU.ActiveCfg = Release|Any CPU
		{1BB7E797-BA6E-4B95-93C3-3F7D17EF81B9}.Release|Any CPU.Build.0 = Release|Any CPU
		{C61C5216-0C91-4558-BD5D-499253337E9B}.Debug|Any CPU.ActiveCfg = Debug|Any CPU
		{C61C5216-0C91-4558-BD5D-499253337E9B}.Debug|Any CPU.Build.0 = Debug|Any CPU
		{C61C5216-0C91-4558-BD5D-499253337E9B}.Release|Any CPU.ActiveCfg = Release|Any CPU
		{C61C5216-0C91-4558-BD5D-499253337E9B}.Release|Any CPU.Build.0 = Release|Any CPU
		{54AAC6EA-DE02-4E8F-B4AF-9B57B6964688}.Debug|Any CPU.ActiveCfg = Debug|Any CPU
		{54AAC6EA-DE02-4E8F-B4AF-9B57B6964688}.Debug|Any CPU.Build.0 = Debug|Any CPU
		{54AAC6EA-DE02-4E8F-B4AF-9B57B6964688}.Release|Any CPU.ActiveCfg = Release|Any CPU
		{54AAC6EA-DE02-4E8F-B4AF-9B57B6964688}.Release|Any CPU.Build.0 = Release|Any CPU
		{50F888D7-0FF0-486F-B6BA-E93E5B0A0730}.Debug|Any CPU.ActiveCfg = Debug|Any CPU
		{50F888D7-0FF0-486F-B6BA-E93E5B0A0730}.Debug|Any CPU.Build.0 = Debug|Any CPU
		{50F888D7-0FF0-486F-B6BA-E93E5B0A0730}.Release|Any CPU.ActiveCfg = Release|Any CPU
		{50F888D7-0FF0-486F-B6BA-E93E5B0A0730}.Release|Any CPU.Build.0 = Release|Any CPU
		{D79177AF-7C3E-498C-B117-424A562B9DB3}.Debug|Any CPU.ActiveCfg = Debug|Any CPU
		{D79177AF-7C3E-498C-B117-424A562B9DB3}.Debug|Any CPU.Build.0 = Debug|Any CPU
		{D79177AF-7C3E-498C-B117-424A562B9DB3}.Release|Any CPU.ActiveCfg = Release|Any CPU
		{D79177AF-7C3E-498C-B117-424A562B9DB3}.Release|Any CPU.Build.0 = Release|Any CPU
	EndGlobalSection
	GlobalSection(SolutionProperties) = preSolution
		HideSolutionNode = FALSE
	EndGlobalSection
	GlobalSection(NestedProjects) = preSolution
		{052372BA-06E3-43D8-AA31-A23F496FE0FB} = {92C5140C-DE6F-40EA-A9A7-2E5DFDD4A7DC}
		{9DA9991B-2F95-4198-9FAF-CC7D3675E7FF} = {92C5140C-DE6F-40EA-A9A7-2E5DFDD4A7DC}
		{B1BA89E4-F8B7-4DB2-AF9F-4C7EBCD5AEEC} = {92C5140C-DE6F-40EA-A9A7-2E5DFDD4A7DC}
		{28E2F403-B22C-460A-AA93-133281034CD5} = {92C5140C-DE6F-40EA-A9A7-2E5DFDD4A7DC}
		{30B6A9BE-9185-4FB3-A84F-9DD28B051A23} = {28E2F403-B22C-460A-AA93-133281034CD5}
		{0651FCE7-78B0-46A6-B89B-8EDC41DD14CB} = {92C5140C-DE6F-40EA-A9A7-2E5DFDD4A7DC}
		{4E742D84-697A-41E0-866E-154D933B5737} = {28E2F403-B22C-460A-AA93-133281034CD5}
		{1BB7E797-BA6E-4B95-93C3-3F7D17EF81B9} = {92C5140C-DE6F-40EA-A9A7-2E5DFDD4A7DC}
		{54AAC6EA-DE02-4E8F-B4AF-9B57B6964688} = {92C5140C-DE6F-40EA-A9A7-2E5DFDD4A7DC}
		{50F888D7-0FF0-486F-B6BA-E93E5B0A0730} = {28E2F403-B22C-460A-AA93-133281034CD5}
		{D79177AF-7C3E-498C-B117-424A562B9DB3} = {28E2F403-B22C-460A-AA93-133281034CD5}
	EndGlobalSection
EndGlobal
